
Microsoft Visual Studio Solution File, Format Version 10.00
# Visual Studio 2008
Project("{8BC9CEB8-8B4A-11D0-8D11-00A0C91BC942}") = "LineOrderInverter", "LineOrderInverter\LineOrderInverter.vcproj", "{ACD802D9-D8B1-4075-A443-453D6619A881}"
EndProject
Global
	GlobalSection(SolutionConfigurationPlatforms) = preSolution
		Debug|Win32 = Debug|Win32
		Release|Win32 = Release|Win32
	EndGlobalSection
	GlobalSection(ProjectConfigurationPlatforms) = postSolution
		{ACD802D9-D8B1-4075-A443-453D6619A881}.Debug|Win32.ActiveCfg = Debug|Win32
		{ACD802D9-D8B1-4075-A443-453D6619A881}.Debug|Win32.Build.0 = Debug|Win32
		{ACD802D9-D8B1-4075-A443-453D6619A881}.Release|Win32.ActiveCfg = Release|Win32
		{ACD802D9-D8B1-4075-A443-453D6619A881}.Release|Win32.Build.0 = Release|Win32
	EndGlobalSection
	GlobalSection(SolutionProperties) = preSolution
		HideSolutionNode = FALSE
	EndGlobalSection
EndGlobal
