Microsoft Visual Studio Solution File, Format Version 8.00
Project("{8BC9CEB8-8B4A-11D0-8D11-00A0C91BC942}") = "win32", "win32.vcproj", "{AF0EE076-61B4-4F70-82A4-C2E76E6944F2}"
	ProjectSection(ProjectDependencies) = postProject
	EndProjectSection
EndProject
Global
	GlobalSection(SolutionConfiguration) = preSolution
		Debug = Debug
		Release = Release
	EndGlobalSection
	GlobalSection(ProjectConfiguration) = postSolution
		{AF0EE076-61B4-4F70-82A4-C2E76E6944F2}.Debug.ActiveCfg = Debug|Win32
		{AF0EE076-61B4-4F70-82A4-C2E76E6944F2}.Debug.Build.0 = Debug|Win32
		{AF0EE076-61B4-4F70-82A4-C2E76E6944F2}.Release.ActiveCfg = Release|Win32
		{AF0EE076-61B4-4F70-82A4-C2E76E6944F2}.Release.Build.0 = Release|Win32
	EndGlobalSection
	GlobalSection(ExtensibilityGlobals) = postSolution
	EndGlobalSection
	GlobalSection(ExtensibilityAddIns) = postSolution
	EndGlobalSection
EndGlobal
