Microsoft Visual Studio Solution File, Format Version 9.00
# Visual Studio 2005
Project("{8BC9CEB8-8B4A-11D0-8D11-00A0C91BC942}") = "qf-3.2-Win32", "qf-3.2-win32.vcproj", "{A1CBF322-4778-460D-8506-8001357ADDD6}"
EndProject
Global
	GlobalSection(SolutionConfigurationPlatforms) = preSolution
		Debug|Win32 = Debug|Win32
		Release|Win32 = Release|Win32
		Spy|Win32 = Spy|Win32
	EndGlobalSection
	GlobalSection(ProjectConfigurationPlatforms) = postSolution
		{A1CBF322-4778-460D-8506-8001357ADDD6}.Debug|Win32.ActiveCfg = Debug|Win32
		{A1CBF322-4778-460D-8506-8001357ADDD6}.Debug|Win32.Build.0 = Debug|Win32
		{A1CBF322-4778-460D-8506-8001357ADDD6}.Release|Win32.ActiveCfg = Release|Win32
		{A1CBF322-4778-460D-8506-8001357ADDD6}.Release|Win32.Build.0 = Release|Win32
		{A1CBF322-4778-460D-8506-8001357ADDD6}.Spy|Win32.ActiveCfg = Spy|Win32
		{A1CBF322-4778-460D-8506-8001357ADDD6}.Spy|Win32.Build.0 = Spy|Win32
	EndGlobalSection
	GlobalSection(SolutionProperties) = preSolution
		HideSolutionNode = FALSE
	EndGlobalSection
EndGlobal
