
Microsoft Visual Studio Solution File, Format Version 12.00
# Visual Studio 14
VisualStudioVersion = 14.0.24720.0
MinimumVisualStudioVersion = 10.0.40219.1
Project("{8BC9CEB8-8B4A-11D0-8D11-00A0C91BC942}") = "typelist", "typelist\typelist.vcxproj", "{7655CE30-0A2C-4B5D-B455-89AD62FB9D51}"
EndProject
Project("{8BC9CEB8-8B4A-11D0-8D11-00A0C91BC942}") = "tinker", "tinker\tinker.vcxproj", "{9541834A-BE33-485F-9F1B-D5B577B3E598}"
EndProject
Project("{8BC9CEB8-8B4A-11D0-8D11-00A0C91BC942}") = "tinkerserver", "tinkerserver\tinkerserver.vcxproj", "{75FC099B-0A9C-475B-8C9B-B1EC07B11F8B}"
EndProject
Project("{8BC9CEB8-8B4A-11D0-8D11-00A0C91BC942}") = "linkstome", "linkstome\linkstome.vcxproj", "{960F30B9-CA81-4E52-BB7A-44541E1DCBD9}"
EndProject
Project("{8BC9CEB8-8B4A-11D0-8D11-00A0C91BC942}") = "hackerrank", "hackerrank\hackerrank.vcxproj", "{0CB7863C-3305-4CDE-B2C4-8E5F7E323842}"
EndProject
Project("{8BC9CEB8-8B4A-11D0-8D11-00A0C91BC942}") = "bigint", "bigint\bigint.vcxproj", "{B607217B-EF47-4913-962F-7817C76F25EA}"
EndProject
Project("{8BC9CEB8-8B4A-11D0-8D11-00A0C91BC942}") = "NPHardWaysToWin", "NPHardWaysToWin\NPHardWaysToWin.vcxproj", "{529D2883-6FBD-4CA4-A04F-0B7F108AFC65}"
EndProject
Project("{8BC9CEB8-8B4A-11D0-8D11-00A0C91BC942}") = "NPHardKnapsack", "NPHardKnapsack\NPHardKnapsack.vcxproj", "{24D83FDC-C215-40A2-AC69-6FD6B85492A9}"
EndProject
Project("{8BC9CEB8-8B4A-11D0-8D11-00A0C91BC942}") = "staticsqrt", "staticsqrt\staticsqrt.vcxproj", "{19038A69-FBC5-48D9-A0CA-756AC8B031AA}"
EndProject
Project("{8BC9CEB8-8B4A-11D0-8D11-00A0C91BC942}") = "RoofAttached", "RoofAttached\RoofAttached.vcxproj", "{2855A713-8D38-480F-9AD5-0009E1AD5913}"
EndProject
Project("{8BC9CEB8-8B4A-11D0-8D11-00A0C91BC942}") = "KWideMergeStreams", "KWideMergeStreams\KWideMergeStreams.vcxproj", "{F6C08AD8-BDAA-403E-9E3B-D243CE954AFB}"
EndProject
Project("{8BC9CEB8-8B4A-11D0-8D11-00A0C91BC942}") = "mergeIntervals", "mergeIntervals\mergeIntervals.vcxproj", "{82C9AA6D-4E5C-44C3-A4ED-E3CFB987F4F9}"
EndProject
Project("{8BC9CEB8-8B4A-11D0-8D11-00A0C91BC942}") = "ListSortReverseDelete", "ListSortReverseDelete\ListSortReverseDelete.vcxproj", "{DE072352-C0B6-4E88-8427-BB3A80C2E416}"
EndProject
Project("{8BC9CEB8-8B4A-11D0-8D11-00A0C91BC942}") = "countingsort", "countingsort\countingsort.vcxproj", "{202B4310-226D-4F32-BFEC-914A62FB6E51}"
EndProject
Project("{8BC9CEB8-8B4A-11D0-8D11-00A0C91BC942}") = "PagedMemoryWithLRUEviction", "PagedMemoryWithLRUEviction\PagedMemoryWithLRUEviction.vcxproj", "{92B349B1-35C2-4D30-8E97-DADBCB6BC3D2}"
EndProject
Project("{8BC9CEB8-8B4A-11D0-8D11-00A0C91BC942}") = "BSTSuccessor", "BSTSuccessor\BSTSuccessor.vcxproj", "{CCE6342C-8B3E-4ECD-84D0-692A5D5EF820}"
EndProject
Project("{8BC9CEB8-8B4A-11D0-8D11-00A0C91BC942}") = "freqAndMaxValTracker", "freqAndMaxValTracker\freqAndMaxValTracker.vcxproj", "{22E1CE67-C3A9-4C46-B314-F3B3F4AF826D}"
EndProject
Project("{8BC9CEB8-8B4A-11D0-8D11-00A0C91BC942}") = "knightsTourModern", "knightsTourModern\knightsTourModern.vcxproj", "{077840CD-4E62-4CA6-A141-BA8ACA42BDCD}"
EndProject
Project("{8BC9CEB8-8B4A-11D0-8D11-00A0C91BC942}") = "dijkstra", "dijkstra\dijkstra.vcxproj", "{4B869E25-97BB-4F50-A6CE-5088319320AA}"
EndProject
Project("{8BC9CEB8-8B4A-11D0-8D11-00A0C91BC942}") = "toposort", "toposort\toposort.vcxproj", "{E90F1BB0-50BE-4584-9C63-624408A72B00}"
EndProject
Project("{8BC9CEB8-8B4A-11D0-8D11-00A0C91BC942}") = "topkwordFreq", "topkwordFreq\topkwordFreq.vcxproj", "{7FEE60CE-4BC0-4003-A7C5-5C7D9D77AC83}"
EndProject
Project("{8BC9CEB8-8B4A-11D0-8D11-00A0C91BC942}") = "nextperm", "nextperm\nextperm.vcxproj", "{1965FE39-02E8-4B46-B085-FBE4290BE343}"
EndProject
Project("{8BC9CEB8-8B4A-11D0-8D11-00A0C91BC942}") = "knapsack_tiles", "knapsack_tiles\knapsack_tiles.vcxproj", "{CB373BD6-95D4-43EC-B605-1B72E6D95524}"
EndProject
Project("{8BC9CEB8-8B4A-11D0-8D11-00A0C91BC942}") = "NPHardChangeMaking", "NPHardChangeMaking\NPHardChangeMaking.vcxproj", "{2CFA822A-4083-4DC7-BC8F-F7BC56F8F422}"
EndProject
Project("{8BC9CEB8-8B4A-11D0-8D11-00A0C91BC942}") = "ArgoDependencyTopoSort", "ArgoDependencyTopoSort\ArgoDependencyTopoSort.vcxproj", "{FFA0459D-F068-472E-8F81-DFDF7B36D92C}"
EndProject
Project("{8BC9CEB8-8B4A-11D0-8D11-00A0C91BC942}") = "Argo tile", "Argo tile\Argo tile.vcxproj", "{338F9D0C-2E52-49DE-9AFF-5FFB922FA7A6}"
EndProject
Project("{8BC9CEB8-8B4A-11D0-8D11-00A0C91BC942}") = "MultiRankArray", "MultiRankArray\MultiRankArray.vcxproj", "{4EFBA1D3-94B7-4812-92AC-9937628CF9A8}"
EndProject
Project("{8BC9CEB8-8B4A-11D0-8D11-00A0C91BC942}") = "sudokusolver", "sudokusolver\sudokusolver.vcxproj", "{37AF0DD6-17A2-4DFB-BA29-40AC9A18CADF}"
EndProject
Project("{8BC9CEB8-8B4A-11D0-8D11-00A0C91BC942}") = "my_shared_ptr", "my_shared_ptr\my_shared_ptr.vcxproj", "{500CC480-62C2-4C87-A470-7FCEC546086B}"
EndProject
Project("{8BC9CEB8-8B4A-11D0-8D11-00A0C91BC942}") = "clock", "clock\clock.vcxproj", "{1A2C390B-16FB-488E-A4AC-50FE89D88073}"
EndProject
Project("{8BC9CEB8-8B4A-11D0-8D11-00A0C91BC942}") = "Mastermind", "Mastermind\Mastermind.vcxproj", "{7EA92400-8114-49EC-AFE8-A48934FBDD1E}"
EndProject
Project("{8BC9CEB8-8B4A-11D0-8D11-00A0C91BC942}") = "bst_consec_seq", "bst_consec_seq\bst_consec_seq.vcxproj", "{2021EEE5-0131-45BD-ACCB-650ACA3C5200}"
EndProject
Project("{8BC9CEB8-8B4A-11D0-8D11-00A0C91BC942}") = "amazon_gather_sort_log_lines", "amazon_gather_sort_log_lines\amazon_gather_sort_log_lines.vcxproj", "{6C2B59F8-0137-41E3-9384-725673D1F440}"
EndProject
Project("{8BC9CEB8-8B4A-11D0-8D11-00A0C91BC942}") = "msft_bold_all_substrings", "msft_bold_all_substrings\msft_bold_all_substrings.vcxproj", "{57704973-E19E-4279-A51C-B5DF828F1435}"
EndProject
Project("{8BC9CEB8-8B4A-11D0-8D11-00A0C91BC942}") = "accu_smg", "accu_smg\accu_smg.vcxproj", "{5ACCEEB0-F8F2-4638-8B11-EAED86B27141}"
EndProject
Project("{8BC9CEB8-8B4A-11D0-8D11-00A0C91BC942}") = "amazon_table_reserve", "table_reserve\table_reserve.vcxproj", "{135B9F52-CECB-4E4B-8CF0-16B1178962FB}"
EndProject
Project("{8BC9CEB8-8B4A-11D0-8D11-00A0C91BC942}") = "my_tuple", "my_tuple\my_tuple.vcxproj", "{43F4D498-046A-4695-B787-66A23FCAFCD2}"
EndProject
Project("{8BC9CEB8-8B4A-11D0-8D11-00A0C91BC942}") = "amazon_count_islands", "amazon_count_islands\amazon_count_islands.vcxproj", "{6A9A41EB-D87B-4090-8511-499AF5782D73}"
EndProject
Project("{8BC9CEB8-8B4A-11D0-8D11-00A0C91BC942}") = "amazon_top_k_w_excl", "amazon_top_k_w_excl\amazon_top_k_w_excl.vcxproj", "{22DE1BDE-6BF6-4CB3-B43C-42DE08AA5466}"
EndProject
Project("{8BC9CEB8-8B4A-11D0-8D11-00A0C91BC942}") = "msft_string_on_graph", "msft_string_on_graph\msft_string_on_graph.vcxproj", "{9BDB4795-67C4-4C6B-8836-32F1AFA3E669}"
EndProject
Project("{8BC9CEB8-8B4A-11D0-8D11-00A0C91BC942}") = "static_mergesort", "static_mergesort\static_mergesort.vcxproj", "{35BF5A4A-326F-4680-823A-9134C55B16DE}"
EndProject
Global
	GlobalSection(SolutionConfigurationPlatforms) = preSolution
		Debug|x64 = Debug|x64
		Debug|x86 = Debug|x86
		Release|x64 = Release|x64
		Release|x86 = Release|x86
	EndGlobalSection
	GlobalSection(ProjectConfigurationPlatforms) = postSolution
		{7655CE30-0A2C-4B5D-B455-89AD62FB9D51}.Debug|x64.ActiveCfg = Debug|x64
		{7655CE30-0A2C-4B5D-B455-89AD62FB9D51}.Debug|x64.Build.0 = Debug|x64
		{7655CE30-0A2C-4B5D-B455-89AD62FB9D51}.Debug|x86.ActiveCfg = Debug|Win32
		{7655CE30-0A2C-4B5D-B455-89AD62FB9D51}.Debug|x86.Build.0 = Debug|Win32
		{7655CE30-0A2C-4B5D-B455-89AD62FB9D51}.Release|x64.ActiveCfg = Release|x64
		{7655CE30-0A2C-4B5D-B455-89AD62FB9D51}.Release|x64.Build.0 = Release|x64
		{7655CE30-0A2C-4B5D-B455-89AD62FB9D51}.Release|x86.ActiveCfg = Release|Win32
		{7655CE30-0A2C-4B5D-B455-89AD62FB9D51}.Release|x86.Build.0 = Release|Win32
		{9541834A-BE33-485F-9F1B-D5B577B3E598}.Debug|x64.ActiveCfg = Debug|x64
		{9541834A-BE33-485F-9F1B-D5B577B3E598}.Debug|x64.Build.0 = Debug|x64
		{9541834A-BE33-485F-9F1B-D5B577B3E598}.Debug|x86.ActiveCfg = Debug|Win32
		{9541834A-BE33-485F-9F1B-D5B577B3E598}.Debug|x86.Build.0 = Debug|Win32
		{9541834A-BE33-485F-9F1B-D5B577B3E598}.Release|x64.ActiveCfg = Release|x64
		{9541834A-BE33-485F-9F1B-D5B577B3E598}.Release|x64.Build.0 = Release|x64
		{9541834A-BE33-485F-9F1B-D5B577B3E598}.Release|x86.ActiveCfg = Release|Win32
		{9541834A-BE33-485F-9F1B-D5B577B3E598}.Release|x86.Build.0 = Release|Win32
		{75FC099B-0A9C-475B-8C9B-B1EC07B11F8B}.Debug|x64.ActiveCfg = Debug|x64
		{75FC099B-0A9C-475B-8C9B-B1EC07B11F8B}.Debug|x64.Build.0 = Debug|x64
		{75FC099B-0A9C-475B-8C9B-B1EC07B11F8B}.Debug|x86.ActiveCfg = Debug|Win32
		{75FC099B-0A9C-475B-8C9B-B1EC07B11F8B}.Debug|x86.Build.0 = Debug|Win32
		{75FC099B-0A9C-475B-8C9B-B1EC07B11F8B}.Release|x64.ActiveCfg = Release|x64
		{75FC099B-0A9C-475B-8C9B-B1EC07B11F8B}.Release|x64.Build.0 = Release|x64
		{75FC099B-0A9C-475B-8C9B-B1EC07B11F8B}.Release|x86.ActiveCfg = Release|Win32
		{75FC099B-0A9C-475B-8C9B-B1EC07B11F8B}.Release|x86.Build.0 = Release|Win32
		{960F30B9-CA81-4E52-BB7A-44541E1DCBD9}.Debug|x64.ActiveCfg = Debug|x64
		{960F30B9-CA81-4E52-BB7A-44541E1DCBD9}.Debug|x64.Build.0 = Debug|x64
		{960F30B9-CA81-4E52-BB7A-44541E1DCBD9}.Debug|x86.ActiveCfg = Debug|Win32
		{960F30B9-CA81-4E52-BB7A-44541E1DCBD9}.Debug|x86.Build.0 = Debug|Win32
		{960F30B9-CA81-4E52-BB7A-44541E1DCBD9}.Release|x64.ActiveCfg = Release|x64
		{960F30B9-CA81-4E52-BB7A-44541E1DCBD9}.Release|x64.Build.0 = Release|x64
		{960F30B9-CA81-4E52-BB7A-44541E1DCBD9}.Release|x86.ActiveCfg = Release|Win32
		{960F30B9-CA81-4E52-BB7A-44541E1DCBD9}.Release|x86.Build.0 = Release|Win32
		{0CB7863C-3305-4CDE-B2C4-8E5F7E323842}.Debug|x64.ActiveCfg = Debug|x64
		{0CB7863C-3305-4CDE-B2C4-8E5F7E323842}.Debug|x64.Build.0 = Debug|x64
		{0CB7863C-3305-4CDE-B2C4-8E5F7E323842}.Debug|x86.ActiveCfg = Debug|Win32
		{0CB7863C-3305-4CDE-B2C4-8E5F7E323842}.Debug|x86.Build.0 = Debug|Win32
		{0CB7863C-3305-4CDE-B2C4-8E5F7E323842}.Release|x64.ActiveCfg = Release|x64
		{0CB7863C-3305-4CDE-B2C4-8E5F7E323842}.Release|x64.Build.0 = Release|x64
		{0CB7863C-3305-4CDE-B2C4-8E5F7E323842}.Release|x86.ActiveCfg = Release|Win32
		{0CB7863C-3305-4CDE-B2C4-8E5F7E323842}.Release|x86.Build.0 = Release|Win32
		{B607217B-EF47-4913-962F-7817C76F25EA}.Debug|x64.ActiveCfg = Debug|x64
		{B607217B-EF47-4913-962F-7817C76F25EA}.Debug|x64.Build.0 = Debug|x64
		{B607217B-EF47-4913-962F-7817C76F25EA}.Debug|x86.ActiveCfg = Debug|Win32
		{B607217B-EF47-4913-962F-7817C76F25EA}.Debug|x86.Build.0 = Debug|Win32
		{B607217B-EF47-4913-962F-7817C76F25EA}.Release|x64.ActiveCfg = Release|x64
		{B607217B-EF47-4913-962F-7817C76F25EA}.Release|x64.Build.0 = Release|x64
		{B607217B-EF47-4913-962F-7817C76F25EA}.Release|x86.ActiveCfg = Release|Win32
		{B607217B-EF47-4913-962F-7817C76F25EA}.Release|x86.Build.0 = Release|Win32
		{529D2883-6FBD-4CA4-A04F-0B7F108AFC65}.Debug|x64.ActiveCfg = Debug|x64
		{529D2883-6FBD-4CA4-A04F-0B7F108AFC65}.Debug|x64.Build.0 = Debug|x64
		{529D2883-6FBD-4CA4-A04F-0B7F108AFC65}.Debug|x86.ActiveCfg = Debug|Win32
		{529D2883-6FBD-4CA4-A04F-0B7F108AFC65}.Debug|x86.Build.0 = Debug|Win32
		{529D2883-6FBD-4CA4-A04F-0B7F108AFC65}.Release|x64.ActiveCfg = Release|x64
		{529D2883-6FBD-4CA4-A04F-0B7F108AFC65}.Release|x64.Build.0 = Release|x64
		{529D2883-6FBD-4CA4-A04F-0B7F108AFC65}.Release|x86.ActiveCfg = Release|Win32
		{529D2883-6FBD-4CA4-A04F-0B7F108AFC65}.Release|x86.Build.0 = Release|Win32
		{24D83FDC-C215-40A2-AC69-6FD6B85492A9}.Debug|x64.ActiveCfg = Debug|x64
		{24D83FDC-C215-40A2-AC69-6FD6B85492A9}.Debug|x64.Build.0 = Debug|x64
		{24D83FDC-C215-40A2-AC69-6FD6B85492A9}.Debug|x86.ActiveCfg = Debug|Win32
		{24D83FDC-C215-40A2-AC69-6FD6B85492A9}.Debug|x86.Build.0 = Debug|Win32
		{24D83FDC-C215-40A2-AC69-6FD6B85492A9}.Release|x64.ActiveCfg = Release|x64
		{24D83FDC-C215-40A2-AC69-6FD6B85492A9}.Release|x64.Build.0 = Release|x64
		{24D83FDC-C215-40A2-AC69-6FD6B85492A9}.Release|x86.ActiveCfg = Release|Win32
		{24D83FDC-C215-40A2-AC69-6FD6B85492A9}.Release|x86.Build.0 = Release|Win32
		{19038A69-FBC5-48D9-A0CA-756AC8B031AA}.Debug|x64.ActiveCfg = Debug|x64
		{19038A69-FBC5-48D9-A0CA-756AC8B031AA}.Debug|x64.Build.0 = Debug|x64
		{19038A69-FBC5-48D9-A0CA-756AC8B031AA}.Debug|x86.ActiveCfg = Debug|Win32
		{19038A69-FBC5-48D9-A0CA-756AC8B031AA}.Debug|x86.Build.0 = Debug|Win32
		{19038A69-FBC5-48D9-A0CA-756AC8B031AA}.Release|x64.ActiveCfg = Release|x64
		{19038A69-FBC5-48D9-A0CA-756AC8B031AA}.Release|x64.Build.0 = Release|x64
		{19038A69-FBC5-48D9-A0CA-756AC8B031AA}.Release|x86.ActiveCfg = Release|Win32
		{19038A69-FBC5-48D9-A0CA-756AC8B031AA}.Release|x86.Build.0 = Release|Win32
		{2855A713-8D38-480F-9AD5-0009E1AD5913}.Debug|x64.ActiveCfg = Debug|x64
		{2855A713-8D38-480F-9AD5-0009E1AD5913}.Debug|x64.Build.0 = Debug|x64
		{2855A713-8D38-480F-9AD5-0009E1AD5913}.Debug|x86.ActiveCfg = Debug|Win32
		{2855A713-8D38-480F-9AD5-0009E1AD5913}.Debug|x86.Build.0 = Debug|Win32
		{2855A713-8D38-480F-9AD5-0009E1AD5913}.Release|x64.ActiveCfg = Release|x64
		{2855A713-8D38-480F-9AD5-0009E1AD5913}.Release|x64.Build.0 = Release|x64
		{2855A713-8D38-480F-9AD5-0009E1AD5913}.Release|x86.ActiveCfg = Release|Win32
		{2855A713-8D38-480F-9AD5-0009E1AD5913}.Release|x86.Build.0 = Release|Win32
		{F6C08AD8-BDAA-403E-9E3B-D243CE954AFB}.Debug|x64.ActiveCfg = Debug|x64
		{F6C08AD8-BDAA-403E-9E3B-D243CE954AFB}.Debug|x64.Build.0 = Debug|x64
		{F6C08AD8-BDAA-403E-9E3B-D243CE954AFB}.Debug|x86.ActiveCfg = Debug|Win32
		{F6C08AD8-BDAA-403E-9E3B-D243CE954AFB}.Debug|x86.Build.0 = Debug|Win32
		{F6C08AD8-BDAA-403E-9E3B-D243CE954AFB}.Release|x64.ActiveCfg = Release|x64
		{F6C08AD8-BDAA-403E-9E3B-D243CE954AFB}.Release|x64.Build.0 = Release|x64
		{F6C08AD8-BDAA-403E-9E3B-D243CE954AFB}.Release|x86.ActiveCfg = Release|Win32
		{F6C08AD8-BDAA-403E-9E3B-D243CE954AFB}.Release|x86.Build.0 = Release|Win32
		{82C9AA6D-4E5C-44C3-A4ED-E3CFB987F4F9}.Debug|x64.ActiveCfg = Debug|x64
		{82C9AA6D-4E5C-44C3-A4ED-E3CFB987F4F9}.Debug|x64.Build.0 = Debug|x64
		{82C9AA6D-4E5C-44C3-A4ED-E3CFB987F4F9}.Debug|x86.ActiveCfg = Debug|Win32
		{82C9AA6D-4E5C-44C3-A4ED-E3CFB987F4F9}.Debug|x86.Build.0 = Debug|Win32
		{82C9AA6D-4E5C-44C3-A4ED-E3CFB987F4F9}.Release|x64.ActiveCfg = Release|x64
		{82C9AA6D-4E5C-44C3-A4ED-E3CFB987F4F9}.Release|x64.Build.0 = Release|x64
		{82C9AA6D-4E5C-44C3-A4ED-E3CFB987F4F9}.Release|x86.ActiveCfg = Release|Win32
		{82C9AA6D-4E5C-44C3-A4ED-E3CFB987F4F9}.Release|x86.Build.0 = Release|Win32
		{DE072352-C0B6-4E88-8427-BB3A80C2E416}.Debug|x64.ActiveCfg = Debug|x64
		{DE072352-C0B6-4E88-8427-BB3A80C2E416}.Debug|x64.Build.0 = Debug|x64
		{DE072352-C0B6-4E88-8427-BB3A80C2E416}.Debug|x86.ActiveCfg = Debug|Win32
		{DE072352-C0B6-4E88-8427-BB3A80C2E416}.Debug|x86.Build.0 = Debug|Win32
		{DE072352-C0B6-4E88-8427-BB3A80C2E416}.Release|x64.ActiveCfg = Release|x64
		{DE072352-C0B6-4E88-8427-BB3A80C2E416}.Release|x64.Build.0 = Release|x64
		{DE072352-C0B6-4E88-8427-BB3A80C2E416}.Release|x86.ActiveCfg = Release|Win32
		{DE072352-C0B6-4E88-8427-BB3A80C2E416}.Release|x86.Build.0 = Release|Win32
		{202B4310-226D-4F32-BFEC-914A62FB6E51}.Debug|x64.ActiveCfg = Debug|x64
		{202B4310-226D-4F32-BFEC-914A62FB6E51}.Debug|x64.Build.0 = Debug|x64
		{202B4310-226D-4F32-BFEC-914A62FB6E51}.Debug|x86.ActiveCfg = Debug|Win32
		{202B4310-226D-4F32-BFEC-914A62FB6E51}.Debug|x86.Build.0 = Debug|Win32
		{202B4310-226D-4F32-BFEC-914A62FB6E51}.Release|x64.ActiveCfg = Release|x64
		{202B4310-226D-4F32-BFEC-914A62FB6E51}.Release|x64.Build.0 = Release|x64
		{202B4310-226D-4F32-BFEC-914A62FB6E51}.Release|x86.ActiveCfg = Release|Win32
		{202B4310-226D-4F32-BFEC-914A62FB6E51}.Release|x86.Build.0 = Release|Win32
		{92B349B1-35C2-4D30-8E97-DADBCB6BC3D2}.Debug|x64.ActiveCfg = Debug|x64
		{92B349B1-35C2-4D30-8E97-DADBCB6BC3D2}.Debug|x64.Build.0 = Debug|x64
		{92B349B1-35C2-4D30-8E97-DADBCB6BC3D2}.Debug|x86.ActiveCfg = Debug|Win32
		{92B349B1-35C2-4D30-8E97-DADBCB6BC3D2}.Debug|x86.Build.0 = Debug|Win32
		{92B349B1-35C2-4D30-8E97-DADBCB6BC3D2}.Release|x64.ActiveCfg = Release|x64
		{92B349B1-35C2-4D30-8E97-DADBCB6BC3D2}.Release|x64.Build.0 = Release|x64
		{92B349B1-35C2-4D30-8E97-DADBCB6BC3D2}.Release|x86.ActiveCfg = Release|Win32
		{92B349B1-35C2-4D30-8E97-DADBCB6BC3D2}.Release|x86.Build.0 = Release|Win32
		{CCE6342C-8B3E-4ECD-84D0-692A5D5EF820}.Debug|x64.ActiveCfg = Debug|x64
		{CCE6342C-8B3E-4ECD-84D0-692A5D5EF820}.Debug|x64.Build.0 = Debug|x64
		{CCE6342C-8B3E-4ECD-84D0-692A5D5EF820}.Debug|x86.ActiveCfg = Debug|Win32
		{CCE6342C-8B3E-4ECD-84D0-692A5D5EF820}.Debug|x86.Build.0 = Debug|Win32
		{CCE6342C-8B3E-4ECD-84D0-692A5D5EF820}.Release|x64.ActiveCfg = Release|x64
		{CCE6342C-8B3E-4ECD-84D0-692A5D5EF820}.Release|x64.Build.0 = Release|x64
		{CCE6342C-8B3E-4ECD-84D0-692A5D5EF820}.Release|x86.ActiveCfg = Release|Win32
		{CCE6342C-8B3E-4ECD-84D0-692A5D5EF820}.Release|x86.Build.0 = Release|Win32
		{22E1CE67-C3A9-4C46-B314-F3B3F4AF826D}.Debug|x64.ActiveCfg = Debug|x64
		{22E1CE67-C3A9-4C46-B314-F3B3F4AF826D}.Debug|x64.Build.0 = Debug|x64
		{22E1CE67-C3A9-4C46-B314-F3B3F4AF826D}.Debug|x86.ActiveCfg = Debug|Win32
		{22E1CE67-C3A9-4C46-B314-F3B3F4AF826D}.Debug|x86.Build.0 = Debug|Win32
		{22E1CE67-C3A9-4C46-B314-F3B3F4AF826D}.Release|x64.ActiveCfg = Release|x64
		{22E1CE67-C3A9-4C46-B314-F3B3F4AF826D}.Release|x64.Build.0 = Release|x64
		{22E1CE67-C3A9-4C46-B314-F3B3F4AF826D}.Release|x86.ActiveCfg = Release|Win32
		{22E1CE67-C3A9-4C46-B314-F3B3F4AF826D}.Release|x86.Build.0 = Release|Win32
		{077840CD-4E62-4CA6-A141-BA8ACA42BDCD}.Debug|x64.ActiveCfg = Debug|x64
		{077840CD-4E62-4CA6-A141-BA8ACA42BDCD}.Debug|x64.Build.0 = Debug|x64
		{077840CD-4E62-4CA6-A141-BA8ACA42BDCD}.Debug|x86.ActiveCfg = Debug|Win32
		{077840CD-4E62-4CA6-A141-BA8ACA42BDCD}.Debug|x86.Build.0 = Debug|Win32
		{077840CD-4E62-4CA6-A141-BA8ACA42BDCD}.Release|x64.ActiveCfg = Release|x64
		{077840CD-4E62-4CA6-A141-BA8ACA42BDCD}.Release|x64.Build.0 = Release|x64
		{077840CD-4E62-4CA6-A141-BA8ACA42BDCD}.Release|x86.ActiveCfg = Release|Win32
		{077840CD-4E62-4CA6-A141-BA8ACA42BDCD}.Release|x86.Build.0 = Release|Win32
		{4B869E25-97BB-4F50-A6CE-5088319320AA}.Debug|x64.ActiveCfg = Debug|x64
		{4B869E25-97BB-4F50-A6CE-5088319320AA}.Debug|x64.Build.0 = Debug|x64
		{4B869E25-97BB-4F50-A6CE-5088319320AA}.Debug|x86.ActiveCfg = Debug|Win32
		{4B869E25-97BB-4F50-A6CE-5088319320AA}.Debug|x86.Build.0 = Debug|Win32
		{4B869E25-97BB-4F50-A6CE-5088319320AA}.Release|x64.ActiveCfg = Release|x64
		{4B869E25-97BB-4F50-A6CE-5088319320AA}.Release|x64.Build.0 = Release|x64
		{4B869E25-97BB-4F50-A6CE-5088319320AA}.Release|x86.ActiveCfg = Release|Win32
		{4B869E25-97BB-4F50-A6CE-5088319320AA}.Release|x86.Build.0 = Release|Win32
		{E90F1BB0-50BE-4584-9C63-624408A72B00}.Debug|x64.ActiveCfg = Debug|x64
		{E90F1BB0-50BE-4584-9C63-624408A72B00}.Debug|x64.Build.0 = Debug|x64
		{E90F1BB0-50BE-4584-9C63-624408A72B00}.Debug|x86.ActiveCfg = Debug|Win32
		{E90F1BB0-50BE-4584-9C63-624408A72B00}.Debug|x86.Build.0 = Debug|Win32
		{E90F1BB0-50BE-4584-9C63-624408A72B00}.Release|x64.ActiveCfg = Release|x64
		{E90F1BB0-50BE-4584-9C63-624408A72B00}.Release|x64.Build.0 = Release|x64
		{E90F1BB0-50BE-4584-9C63-624408A72B00}.Release|x86.ActiveCfg = Release|Win32
		{E90F1BB0-50BE-4584-9C63-624408A72B00}.Release|x86.Build.0 = Release|Win32
		{7FEE60CE-4BC0-4003-A7C5-5C7D9D77AC83}.Debug|x64.ActiveCfg = Debug|x64
		{7FEE60CE-4BC0-4003-A7C5-5C7D9D77AC83}.Debug|x64.Build.0 = Debug|x64
		{7FEE60CE-4BC0-4003-A7C5-5C7D9D77AC83}.Debug|x86.ActiveCfg = Debug|Win32
		{7FEE60CE-4BC0-4003-A7C5-5C7D9D77AC83}.Debug|x86.Build.0 = Debug|Win32
		{7FEE60CE-4BC0-4003-A7C5-5C7D9D77AC83}.Release|x64.ActiveCfg = Release|x64
		{7FEE60CE-4BC0-4003-A7C5-5C7D9D77AC83}.Release|x64.Build.0 = Release|x64
		{7FEE60CE-4BC0-4003-A7C5-5C7D9D77AC83}.Release|x86.ActiveCfg = Release|Win32
		{7FEE60CE-4BC0-4003-A7C5-5C7D9D77AC83}.Release|x86.Build.0 = Release|Win32
		{1965FE39-02E8-4B46-B085-FBE4290BE343}.Debug|x64.ActiveCfg = Debug|x64
		{1965FE39-02E8-4B46-B085-FBE4290BE343}.Debug|x64.Build.0 = Debug|x64
		{1965FE39-02E8-4B46-B085-FBE4290BE343}.Debug|x86.ActiveCfg = Debug|Win32
		{1965FE39-02E8-4B46-B085-FBE4290BE343}.Debug|x86.Build.0 = Debug|Win32
		{1965FE39-02E8-4B46-B085-FBE4290BE343}.Release|x64.ActiveCfg = Release|x64
		{1965FE39-02E8-4B46-B085-FBE4290BE343}.Release|x64.Build.0 = Release|x64
		{1965FE39-02E8-4B46-B085-FBE4290BE343}.Release|x86.ActiveCfg = Release|Win32
		{1965FE39-02E8-4B46-B085-FBE4290BE343}.Release|x86.Build.0 = Release|Win32
		{CB373BD6-95D4-43EC-B605-1B72E6D95524}.Debug|x64.ActiveCfg = Debug|x64
		{CB373BD6-95D4-43EC-B605-1B72E6D95524}.Debug|x64.Build.0 = Debug|x64
		{CB373BD6-95D4-43EC-B605-1B72E6D95524}.Debug|x86.ActiveCfg = Debug|Win32
		{CB373BD6-95D4-43EC-B605-1B72E6D95524}.Debug|x86.Build.0 = Debug|Win32
		{CB373BD6-95D4-43EC-B605-1B72E6D95524}.Release|x64.ActiveCfg = Release|x64
		{CB373BD6-95D4-43EC-B605-1B72E6D95524}.Release|x64.Build.0 = Release|x64
		{CB373BD6-95D4-43EC-B605-1B72E6D95524}.Release|x86.ActiveCfg = Release|Win32
		{CB373BD6-95D4-43EC-B605-1B72E6D95524}.Release|x86.Build.0 = Release|Win32
		{2CFA822A-4083-4DC7-BC8F-F7BC56F8F422}.Debug|x64.ActiveCfg = Debug|x64
		{2CFA822A-4083-4DC7-BC8F-F7BC56F8F422}.Debug|x64.Build.0 = Debug|x64
		{2CFA822A-4083-4DC7-BC8F-F7BC56F8F422}.Debug|x86.ActiveCfg = Debug|Win32
		{2CFA822A-4083-4DC7-BC8F-F7BC56F8F422}.Debug|x86.Build.0 = Debug|Win32
		{2CFA822A-4083-4DC7-BC8F-F7BC56F8F422}.Release|x64.ActiveCfg = Release|x64
		{2CFA822A-4083-4DC7-BC8F-F7BC56F8F422}.Release|x64.Build.0 = Release|x64
		{2CFA822A-4083-4DC7-BC8F-F7BC56F8F422}.Release|x86.ActiveCfg = Release|Win32
		{2CFA822A-4083-4DC7-BC8F-F7BC56F8F422}.Release|x86.Build.0 = Release|Win32
		{FFA0459D-F068-472E-8F81-DFDF7B36D92C}.Debug|x64.ActiveCfg = Debug|x64
		{FFA0459D-F068-472E-8F81-DFDF7B36D92C}.Debug|x64.Build.0 = Debug|x64
		{FFA0459D-F068-472E-8F81-DFDF7B36D92C}.Debug|x86.ActiveCfg = Debug|Win32
		{FFA0459D-F068-472E-8F81-DFDF7B36D92C}.Debug|x86.Build.0 = Debug|Win32
		{FFA0459D-F068-472E-8F81-DFDF7B36D92C}.Release|x64.ActiveCfg = Release|x64
		{FFA0459D-F068-472E-8F81-DFDF7B36D92C}.Release|x64.Build.0 = Release|x64
		{FFA0459D-F068-472E-8F81-DFDF7B36D92C}.Release|x86.ActiveCfg = Release|Win32
		{FFA0459D-F068-472E-8F81-DFDF7B36D92C}.Release|x86.Build.0 = Release|Win32
		{338F9D0C-2E52-49DE-9AFF-5FFB922FA7A6}.Debug|x64.ActiveCfg = Debug|x64
		{338F9D0C-2E52-49DE-9AFF-5FFB922FA7A6}.Debug|x64.Build.0 = Debug|x64
		{338F9D0C-2E52-49DE-9AFF-5FFB922FA7A6}.Debug|x86.ActiveCfg = Debug|Win32
		{338F9D0C-2E52-49DE-9AFF-5FFB922FA7A6}.Debug|x86.Build.0 = Debug|Win32
		{338F9D0C-2E52-49DE-9AFF-5FFB922FA7A6}.Release|x64.ActiveCfg = Release|x64
		{338F9D0C-2E52-49DE-9AFF-5FFB922FA7A6}.Release|x64.Build.0 = Release|x64
		{338F9D0C-2E52-49DE-9AFF-5FFB922FA7A6}.Release|x86.ActiveCfg = Release|Win32
		{338F9D0C-2E52-49DE-9AFF-5FFB922FA7A6}.Release|x86.Build.0 = Release|Win32
		{4EFBA1D3-94B7-4812-92AC-9937628CF9A8}.Debug|x64.ActiveCfg = Debug|x64
		{4EFBA1D3-94B7-4812-92AC-9937628CF9A8}.Debug|x64.Build.0 = Debug|x64
		{4EFBA1D3-94B7-4812-92AC-9937628CF9A8}.Debug|x86.ActiveCfg = Debug|Win32
		{4EFBA1D3-94B7-4812-92AC-9937628CF9A8}.Debug|x86.Build.0 = Debug|Win32
		{4EFBA1D3-94B7-4812-92AC-9937628CF9A8}.Release|x64.ActiveCfg = Release|x64
		{4EFBA1D3-94B7-4812-92AC-9937628CF9A8}.Release|x64.Build.0 = Release|x64
		{4EFBA1D3-94B7-4812-92AC-9937628CF9A8}.Release|x86.ActiveCfg = Release|Win32
		{4EFBA1D3-94B7-4812-92AC-9937628CF9A8}.Release|x86.Build.0 = Release|Win32
		{37AF0DD6-17A2-4DFB-BA29-40AC9A18CADF}.Debug|x64.ActiveCfg = Debug|x64
		{37AF0DD6-17A2-4DFB-BA29-40AC9A18CADF}.Debug|x64.Build.0 = Debug|x64
		{37AF0DD6-17A2-4DFB-BA29-40AC9A18CADF}.Debug|x86.ActiveCfg = Debug|Win32
		{37AF0DD6-17A2-4DFB-BA29-40AC9A18CADF}.Debug|x86.Build.0 = Debug|Win32
		{37AF0DD6-17A2-4DFB-BA29-40AC9A18CADF}.Release|x64.ActiveCfg = Release|x64
		{37AF0DD6-17A2-4DFB-BA29-40AC9A18CADF}.Release|x64.Build.0 = Release|x64
		{37AF0DD6-17A2-4DFB-BA29-40AC9A18CADF}.Release|x86.ActiveCfg = Release|Win32
		{37AF0DD6-17A2-4DFB-BA29-40AC9A18CADF}.Release|x86.Build.0 = Release|Win32
		{500CC480-62C2-4C87-A470-7FCEC546086B}.Debug|x64.ActiveCfg = Debug|x64
		{500CC480-62C2-4C87-A470-7FCEC546086B}.Debug|x64.Build.0 = Debug|x64
		{500CC480-62C2-4C87-A470-7FCEC546086B}.Debug|x86.ActiveCfg = Debug|Win32
		{500CC480-62C2-4C87-A470-7FCEC546086B}.Debug|x86.Build.0 = Debug|Win32
		{500CC480-62C2-4C87-A470-7FCEC546086B}.Release|x64.ActiveCfg = Release|x64
		{500CC480-62C2-4C87-A470-7FCEC546086B}.Release|x64.Build.0 = Release|x64
		{500CC480-62C2-4C87-A470-7FCEC546086B}.Release|x86.ActiveCfg = Release|Win32
		{500CC480-62C2-4C87-A470-7FCEC546086B}.Release|x86.Build.0 = Release|Win32
		{1A2C390B-16FB-488E-A4AC-50FE89D88073}.Debug|x64.ActiveCfg = Debug|x64
		{1A2C390B-16FB-488E-A4AC-50FE89D88073}.Debug|x64.Build.0 = Debug|x64
		{1A2C390B-16FB-488E-A4AC-50FE89D88073}.Debug|x86.ActiveCfg = Debug|Win32
		{1A2C390B-16FB-488E-A4AC-50FE89D88073}.Debug|x86.Build.0 = Debug|Win32
		{1A2C390B-16FB-488E-A4AC-50FE89D88073}.Release|x64.ActiveCfg = Release|x64
		{1A2C390B-16FB-488E-A4AC-50FE89D88073}.Release|x64.Build.0 = Release|x64
		{1A2C390B-16FB-488E-A4AC-50FE89D88073}.Release|x86.ActiveCfg = Release|Win32
		{1A2C390B-16FB-488E-A4AC-50FE89D88073}.Release|x86.Build.0 = Release|Win32
		{7EA92400-8114-49EC-AFE8-A48934FBDD1E}.Debug|x64.ActiveCfg = Debug|x64
		{7EA92400-8114-49EC-AFE8-A48934FBDD1E}.Debug|x64.Build.0 = Debug|x64
		{7EA92400-8114-49EC-AFE8-A48934FBDD1E}.Debug|x86.ActiveCfg = Debug|Win32
		{7EA92400-8114-49EC-AFE8-A48934FBDD1E}.Debug|x86.Build.0 = Debug|Win32
		{7EA92400-8114-49EC-AFE8-A48934FBDD1E}.Release|x64.ActiveCfg = Release|x64
		{7EA92400-8114-49EC-AFE8-A48934FBDD1E}.Release|x64.Build.0 = Release|x64
		{7EA92400-8114-49EC-AFE8-A48934FBDD1E}.Release|x86.ActiveCfg = Release|Win32
		{7EA92400-8114-49EC-AFE8-A48934FBDD1E}.Release|x86.Build.0 = Release|Win32
		{2021EEE5-0131-45BD-ACCB-650ACA3C5200}.Debug|x64.ActiveCfg = Debug|x64
		{2021EEE5-0131-45BD-ACCB-650ACA3C5200}.Debug|x64.Build.0 = Debug|x64
		{2021EEE5-0131-45BD-ACCB-650ACA3C5200}.Debug|x86.ActiveCfg = Debug|Win32
		{2021EEE5-0131-45BD-ACCB-650ACA3C5200}.Debug|x86.Build.0 = Debug|Win32
		{2021EEE5-0131-45BD-ACCB-650ACA3C5200}.Release|x64.ActiveCfg = Release|x64
		{2021EEE5-0131-45BD-ACCB-650ACA3C5200}.Release|x64.Build.0 = Release|x64
		{2021EEE5-0131-45BD-ACCB-650ACA3C5200}.Release|x86.ActiveCfg = Release|Win32
		{2021EEE5-0131-45BD-ACCB-650ACA3C5200}.Release|x86.Build.0 = Release|Win32
		{6C2B59F8-0137-41E3-9384-725673D1F440}.Debug|x64.ActiveCfg = Debug|x64
		{6C2B59F8-0137-41E3-9384-725673D1F440}.Debug|x64.Build.0 = Debug|x64
		{6C2B59F8-0137-41E3-9384-725673D1F440}.Debug|x86.ActiveCfg = Debug|Win32
		{6C2B59F8-0137-41E3-9384-725673D1F440}.Debug|x86.Build.0 = Debug|Win32
		{6C2B59F8-0137-41E3-9384-725673D1F440}.Release|x64.ActiveCfg = Release|x64
		{6C2B59F8-0137-41E3-9384-725673D1F440}.Release|x64.Build.0 = Release|x64
		{6C2B59F8-0137-41E3-9384-725673D1F440}.Release|x86.ActiveCfg = Release|Win32
		{6C2B59F8-0137-41E3-9384-725673D1F440}.Release|x86.Build.0 = Release|Win32
		{57704973-E19E-4279-A51C-B5DF828F1435}.Debug|x64.ActiveCfg = Debug|x64
		{57704973-E19E-4279-A51C-B5DF828F1435}.Debug|x64.Build.0 = Debug|x64
		{57704973-E19E-4279-A51C-B5DF828F1435}.Debug|x86.ActiveCfg = Debug|Win32
		{57704973-E19E-4279-A51C-B5DF828F1435}.Debug|x86.Build.0 = Debug|Win32
		{57704973-E19E-4279-A51C-B5DF828F1435}.Release|x64.ActiveCfg = Release|x64
		{57704973-E19E-4279-A51C-B5DF828F1435}.Release|x64.Build.0 = Release|x64
		{57704973-E19E-4279-A51C-B5DF828F1435}.Release|x86.ActiveCfg = Release|Win32
		{57704973-E19E-4279-A51C-B5DF828F1435}.Release|x86.Build.0 = Release|Win32
		{5ACCEEB0-F8F2-4638-8B11-EAED86B27141}.Debug|x64.ActiveCfg = Debug|x64
		{5ACCEEB0-F8F2-4638-8B11-EAED86B27141}.Debug|x64.Build.0 = Debug|x64
		{5ACCEEB0-F8F2-4638-8B11-EAED86B27141}.Debug|x86.ActiveCfg = Debug|Win32
		{5ACCEEB0-F8F2-4638-8B11-EAED86B27141}.Debug|x86.Build.0 = Debug|Win32
		{5ACCEEB0-F8F2-4638-8B11-EAED86B27141}.Release|x64.ActiveCfg = Release|x64
		{5ACCEEB0-F8F2-4638-8B11-EAED86B27141}.Release|x64.Build.0 = Release|x64
		{5ACCEEB0-F8F2-4638-8B11-EAED86B27141}.Release|x86.ActiveCfg = Release|Win32
		{5ACCEEB0-F8F2-4638-8B11-EAED86B27141}.Release|x86.Build.0 = Release|Win32
		{135B9F52-CECB-4E4B-8CF0-16B1178962FB}.Debug|x64.ActiveCfg = Debug|x64
		{135B9F52-CECB-4E4B-8CF0-16B1178962FB}.Debug|x64.Build.0 = Debug|x64
		{135B9F52-CECB-4E4B-8CF0-16B1178962FB}.Debug|x86.ActiveCfg = Debug|Win32
		{135B9F52-CECB-4E4B-8CF0-16B1178962FB}.Debug|x86.Build.0 = Debug|Win32
		{135B9F52-CECB-4E4B-8CF0-16B1178962FB}.Release|x64.ActiveCfg = Release|x64
		{135B9F52-CECB-4E4B-8CF0-16B1178962FB}.Release|x64.Build.0 = Release|x64
		{135B9F52-CECB-4E4B-8CF0-16B1178962FB}.Release|x86.ActiveCfg = Release|Win32
		{135B9F52-CECB-4E4B-8CF0-16B1178962FB}.Release|x86.Build.0 = Release|Win32
		{43F4D498-046A-4695-B787-66A23FCAFCD2}.Debug|x64.ActiveCfg = Debug|x64
		{43F4D498-046A-4695-B787-66A23FCAFCD2}.Debug|x64.Build.0 = Debug|x64
		{43F4D498-046A-4695-B787-66A23FCAFCD2}.Debug|x86.ActiveCfg = Debug|Win32
		{43F4D498-046A-4695-B787-66A23FCAFCD2}.Debug|x86.Build.0 = Debug|Win32
		{43F4D498-046A-4695-B787-66A23FCAFCD2}.Release|x64.ActiveCfg = Release|x64
		{43F4D498-046A-4695-B787-66A23FCAFCD2}.Release|x64.Build.0 = Release|x64
		{43F4D498-046A-4695-B787-66A23FCAFCD2}.Release|x86.ActiveCfg = Release|Win32
		{43F4D498-046A-4695-B787-66A23FCAFCD2}.Release|x86.Build.0 = Release|Win32
		{6A9A41EB-D87B-4090-8511-499AF5782D73}.Debug|x64.ActiveCfg = Debug|x64
		{6A9A41EB-D87B-4090-8511-499AF5782D73}.Debug|x64.Build.0 = Debug|x64
		{6A9A41EB-D87B-4090-8511-499AF5782D73}.Debug|x86.ActiveCfg = Debug|Win32
		{6A9A41EB-D87B-4090-8511-499AF5782D73}.Debug|x86.Build.0 = Debug|Win32
		{6A9A41EB-D87B-4090-8511-499AF5782D73}.Release|x64.ActiveCfg = Release|x64
		{6A9A41EB-D87B-4090-8511-499AF5782D73}.Release|x64.Build.0 = Release|x64
		{6A9A41EB-D87B-4090-8511-499AF5782D73}.Release|x86.ActiveCfg = Release|Win32
		{6A9A41EB-D87B-4090-8511-499AF5782D73}.Release|x86.Build.0 = Release|Win32
		{22DE1BDE-6BF6-4CB3-B43C-42DE08AA5466}.Debug|x64.ActiveCfg = Debug|x64
		{22DE1BDE-6BF6-4CB3-B43C-42DE08AA5466}.Debug|x64.Build.0 = Debug|x64
		{22DE1BDE-6BF6-4CB3-B43C-42DE08AA5466}.Debug|x86.ActiveCfg = Debug|Win32
		{22DE1BDE-6BF6-4CB3-B43C-42DE08AA5466}.Debug|x86.Build.0 = Debug|Win32
		{22DE1BDE-6BF6-4CB3-B43C-42DE08AA5466}.Release|x64.ActiveCfg = Release|x64
		{22DE1BDE-6BF6-4CB3-B43C-42DE08AA5466}.Release|x64.Build.0 = Release|x64
		{22DE1BDE-6BF6-4CB3-B43C-42DE08AA5466}.Release|x86.ActiveCfg = Release|Win32
		{22DE1BDE-6BF6-4CB3-B43C-42DE08AA5466}.Release|x86.Build.0 = Release|Win32
		{9BDB4795-67C4-4C6B-8836-32F1AFA3E669}.Debug|x64.ActiveCfg = Debug|x64
		{9BDB4795-67C4-4C6B-8836-32F1AFA3E669}.Debug|x64.Build.0 = Debug|x64
		{9BDB4795-67C4-4C6B-8836-32F1AFA3E669}.Debug|x86.ActiveCfg = Debug|Win32
		{9BDB4795-67C4-4C6B-8836-32F1AFA3E669}.Debug|x86.Build.0 = Debug|Win32
		{9BDB4795-67C4-4C6B-8836-32F1AFA3E669}.Release|x64.ActiveCfg = Release|x64
		{9BDB4795-67C4-4C6B-8836-32F1AFA3E669}.Release|x64.Build.0 = Release|x64
		{9BDB4795-67C4-4C6B-8836-32F1AFA3E669}.Release|x86.ActiveCfg = Release|Win32
		{9BDB4795-67C4-4C6B-8836-32F1AFA3E669}.Release|x86.Build.0 = Release|Win32
		{35BF5A4A-326F-4680-823A-9134C55B16DE}.Debug|x64.ActiveCfg = Debug|x64
		{35BF5A4A-326F-4680-823A-9134C55B16DE}.Debug|x64.Build.0 = Debug|x64
		{35BF5A4A-326F-4680-823A-9134C55B16DE}.Debug|x86.ActiveCfg = Debug|Win32
		{35BF5A4A-326F-4680-823A-9134C55B16DE}.Debug|x86.Build.0 = Debug|Win32
		{35BF5A4A-326F-4680-823A-9134C55B16DE}.Release|x64.ActiveCfg = Release|x64
		{35BF5A4A-326F-4680-823A-9134C55B16DE}.Release|x64.Build.0 = Release|x64
		{35BF5A4A-326F-4680-823A-9134C55B16DE}.Release|x86.ActiveCfg = Release|Win32
		{35BF5A4A-326F-4680-823A-9134C55B16DE}.Release|x86.Build.0 = Release|Win32
	EndGlobalSection
	GlobalSection(SolutionProperties) = preSolution
		HideSolutionNode = FALSE
	EndGlobalSection
EndGlobal
