
Microsoft Visual Studio Solution File, Format Version 12.00
# Visual Studio 14
VisualStudioVersion = 14.0.24720.0
MinimumVisualStudioVersion = 10.0.40219.1
Project("{8BC9CEB8-8B4A-11D0-8D11-00A0C91BC942}") = "plagiarism detect", "ConsoleApplication1\ConsoleApplication1.vcxproj", "{E2B98C80-2BCE-4054-B07C-099DFFCEE051}"
EndProject
Project("{8BC9CEB8-8B4A-11D0-8D11-00A0C91BC942}") = "linklistzip", "linklistzip\linklistzip.vcxproj", "{AD4190D7-BDB5-4189-8E65-F6A5705D755B}"
EndProject
Project("{8BC9CEB8-8B4A-11D0-8D11-00A0C91BC942}") = "quicksort", "quicksort\quicksort.vcxproj", "{B084CBFA-9953-4890-AE31-68BFC92FC27D}"
EndProject
Project("{8BC9CEB8-8B4A-11D0-8D11-00A0C91BC942}") = "heapsort", "heapsort\heapsort.vcxproj", "{BCCDAB14-4C53-4E9E-A16D-1F88CEB959EA}"
EndProject
Project("{8BC9CEB8-8B4A-11D0-8D11-00A0C91BC942}") = "3wayMerge", "3wayMerge\3wayMerge.vcxproj", "{9C493310-B618-4EB6-AC1A-AB10AB41B919}"
EndProject
Project("{8BC9CEB8-8B4A-11D0-8D11-00A0C91BC942}") = "MaxOverlap", "MaxOverlap\MaxOverlap.vcxproj", "{5950F411-8CA5-4A24-99CC-670729E2B667}"
EndProject
Project("{8BC9CEB8-8B4A-11D0-8D11-00A0C91BC942}") = "hackerrank", "hackerrank\hackerrank.vcxproj", "{3F4C70A6-18A7-4342-B9AD-12B820763273}"
EndProject
Project("{8BC9CEB8-8B4A-11D0-8D11-00A0C91BC942}") = "sortlist", "sortlist\sortlist.vcxproj", "{3283AFED-270A-4211-BA7D-F2D61C63641D}"
EndProject
Project("{8BC9CEB8-8B4A-11D0-8D11-00A0C91BC942}") = "fibandMaxArraySum", "fibandMaxArraySum\fibandMaxArraySum.vcxproj", "{CF2F5CC1-4CDE-422D-9F0E-C3ED2DAD10F9}"
EndProject
Project("{8BC9CEB8-8B4A-11D0-8D11-00A0C91BC942}") = "NonUniformDistribution", "NonUniformDistribution\NonUniformDistribution.vcxproj", "{09151357-B2B1-4EEC-BD96-998950150EAA}"
EndProject
Project("{8BC9CEB8-8B4A-11D0-8D11-00A0C91BC942}") = "LiveMedian", "LiveMedian\LiveMedian.vcxproj", "{479938BE-74D2-4270-8CD5-7792577853DD}"
EndProject
Project("{8BC9CEB8-8B4A-11D0-8D11-00A0C91BC942}") = "reverseList", "reverseList\reverseList.vcxproj", "{706BB060-7C52-4E10-B532-9C740C63D331}"
EndProject
Project("{8BC9CEB8-8B4A-11D0-8D11-00A0C91BC942}") = "compileTimeCollatz", "compileTimeCollatz\compileTimeCollatz.vcxproj", "{D51DAD8A-177B-4D08-8CE1-598D900D2751}"
EndProject
Project("{8BC9CEB8-8B4A-11D0-8D11-00A0C91BC942}") = "shuffleDeck", "shuffleDeck\shuffleDeck.vcxproj", "{DE7F54CA-8DA5-40B5-9B69-0355F08EEF9F}"
EndProject
Project("{8BC9CEB8-8B4A-11D0-8D11-00A0C91BC942}") = "FancyListManipulation", "FancyListManipulation\FancyListManipulation.vcxproj", "{884C831E-6D92-4077-9637-EA76CCE6755C}"
EndProject
Project("{8BC9CEB8-8B4A-11D0-8D11-00A0C91BC942}") = "FindKthLargest", "FindKthLargest\FindKthLargest.vcxproj", "{0309062E-332F-44A6-A16A-912700CB8C77}"
EndProject
Project("{8BC9CEB8-8B4A-11D0-8D11-00A0C91BC942}") = "PacmanAStar", "PacmanAStar\PacmanAStar.vcxproj", "{1A9841EB-5ADA-435C-A232-36C143D9A839}"
EndProject
Project("{8BC9CEB8-8B4A-11D0-8D11-00A0C91BC942}") = "shortestDistanceGraphSearchBFS", "shortestDistanceGraphSearchBFS\shortestDistanceGraphSearchBFS.vcxproj", "{0EF2D4A8-D078-4244-9B45-E8B87EA37008}"
EndProject
Project("{8BC9CEB8-8B4A-11D0-8D11-00A0C91BC942}") = "Trie", "Trie\Trie.vcxproj", "{30F2AC3C-0A78-4D9A-932E-E9FEB0D4448B}"
EndProject
Project("{2150E333-8FDC-42A3-9474-1A3956D46DE8}") = "Solution Items", "Solution Items", "{F7FBD25E-9CDB-457C-A4FB-21BACD574F3B}"
	ProjectSection(SolutionItems) = preProject
		SkypeOTS.cpp = SkypeOTS.cpp
		TextFile1.txt = TextFile1.txt
	EndProjectSection
EndProject
Project("{8BC9CEB8-8B4A-11D0-8D11-00A0C91BC942}") = "LeastCommonAncestor", "LeastCommonAncestor\LeastCommonAncestor.vcxproj", "{45FA06E3-A804-47D9-935B-F42062E07355}"
EndProject
Project("{8BC9CEB8-8B4A-11D0-8D11-00A0C91BC942}") = "shuffleIter", "shuffleIter\shuffleIter.vcxproj", "{09BAEA5D-30D5-434C-9987-9EA9BDEF1A42}"
EndProject
Project("{8BC9CEB8-8B4A-11D0-8D11-00A0C91BC942}") = "NextPermutation", "NextPermutation\NextPermutation.vcxproj", "{C6603168-4C38-4F34-AAE0-A27A59B21346}"
EndProject
Project("{8BC9CEB8-8B4A-11D0-8D11-00A0C91BC942}") = "countNegatives", "countNegatives\countNegatives.vcxproj", "{7B2AC838-2E42-4FE6-97FB-864AA39F6D9F}"
EndProject
Project("{8BC9CEB8-8B4A-11D0-8D11-00A0C91BC942}") = "dijkstra", "dijkstra\dijkstra.vcxproj", "{E22DED96-514B-4A3B-9FF1-FC3D1925CB55}"
EndProject
Project("{8BC9CEB8-8B4A-11D0-8D11-00A0C91BC942}") = "ArbitraryFactorial", "ArbitraryFactorial\ArbitraryFactorial.vcxproj", "{C042F271-C4DE-4386-9DE6-491B33E7F58B}"
EndProject
Project("{8BC9CEB8-8B4A-11D0-8D11-00A0C91BC942}") = "CumulativeSubMatrixRotations", "CumulativeSubMatrixRotations\CumulativeSubMatrixRotations.vcxproj", "{61B9D7A3-E4B6-4D4A-938F-71764CF6E18B}"
EndProject
Project("{8BC9CEB8-8B4A-11D0-8D11-00A0C91BC942}") = "TrigramAmazon", "TrigramAmazon\TrigramAmazon.vcxproj", "{4DD4D732-71F1-455D-9D33-9DD61F7F9172}"
EndProject
Project("{8BC9CEB8-8B4A-11D0-8D11-00A0C91BC942}") = "AmazonMergeStreamsCommonJoin", "AmazonMergeStreamsCommonJoin\AmazonMergeStreamsCommonJoin.vcxproj", "{D67B0635-8719-4120-9107-C9B5E735C276}"
EndProject
Project("{8BC9CEB8-8B4A-11D0-8D11-00A0C91BC942}") = "TrigramHackerrank", "TrigramHackerrank\TrigramHackerrank.vcxproj", "{F8929A12-19C2-4586-8280-DB412EDF432D}"
EndProject
Project("{8BC9CEB8-8B4A-11D0-8D11-00A0C91BC942}") = "MergeReverseLookupGoogle", "MergeReverseLookupGoogle\MergeReverseLookupGoogle.vcxproj", "{E0765D80-B3B1-4A17-B7CE-4805D74CB088}"
EndProject
Project("{8BC9CEB8-8B4A-11D0-8D11-00A0C91BC942}") = "TopologicalSort", "TopologicalSort\TopologicalSort.vcxproj", "{ADA18C53-86F2-4D50-911F-D17A6161B4E5}"
EndProject
Project("{8BC9CEB8-8B4A-11D0-8D11-00A0C91BC942}") = "Knapsack", "Knapsack\Knapsack.vcxproj", "{EA41E7E2-17B7-401E-95BD-D35A28E58C93}"
EndProject
Project("{8BC9CEB8-8B4A-11D0-8D11-00A0C91BC942}") = "argo", "argo\argo.vcxproj", "{CCF0404F-FAB6-4DE8-A2BA-D86F2F50C006}"
EndProject
Global
	GlobalSection(SolutionConfigurationPlatforms) = preSolution
		Debug|x64 = Debug|x64
		Debug|x86 = Debug|x86
		Release|x64 = Release|x64
		Release|x86 = Release|x86
	EndGlobalSection
	GlobalSection(ProjectConfigurationPlatforms) = postSolution
		{E2B98C80-2BCE-4054-B07C-099DFFCEE051}.Debug|x64.ActiveCfg = Debug|x64
		{E2B98C80-2BCE-4054-B07C-099DFFCEE051}.Debug|x64.Build.0 = Debug|x64
		{E2B98C80-2BCE-4054-B07C-099DFFCEE051}.Debug|x86.ActiveCfg = Debug|Win32
		{E2B98C80-2BCE-4054-B07C-099DFFCEE051}.Debug|x86.Build.0 = Debug|Win32
		{E2B98C80-2BCE-4054-B07C-099DFFCEE051}.Release|x64.ActiveCfg = Release|x64
		{E2B98C80-2BCE-4054-B07C-099DFFCEE051}.Release|x64.Build.0 = Release|x64
		{E2B98C80-2BCE-4054-B07C-099DFFCEE051}.Release|x86.ActiveCfg = Release|Win32
		{E2B98C80-2BCE-4054-B07C-099DFFCEE051}.Release|x86.Build.0 = Release|Win32
		{AD4190D7-BDB5-4189-8E65-F6A5705D755B}.Debug|x64.ActiveCfg = Debug|x64
		{AD4190D7-BDB5-4189-8E65-F6A5705D755B}.Debug|x64.Build.0 = Debug|x64
		{AD4190D7-BDB5-4189-8E65-F6A5705D755B}.Debug|x86.ActiveCfg = Debug|Win32
		{AD4190D7-BDB5-4189-8E65-F6A5705D755B}.Debug|x86.Build.0 = Debug|Win32
		{AD4190D7-BDB5-4189-8E65-F6A5705D755B}.Release|x64.ActiveCfg = Release|x64
		{AD4190D7-BDB5-4189-8E65-F6A5705D755B}.Release|x64.Build.0 = Release|x64
		{AD4190D7-BDB5-4189-8E65-F6A5705D755B}.Release|x86.ActiveCfg = Release|Win32
		{AD4190D7-BDB5-4189-8E65-F6A5705D755B}.Release|x86.Build.0 = Release|Win32
		{B084CBFA-9953-4890-AE31-68BFC92FC27D}.Debug|x64.ActiveCfg = Debug|x64
		{B084CBFA-9953-4890-AE31-68BFC92FC27D}.Debug|x64.Build.0 = Debug|x64
		{B084CBFA-9953-4890-AE31-68BFC92FC27D}.Debug|x86.ActiveCfg = Debug|Win32
		{B084CBFA-9953-4890-AE31-68BFC92FC27D}.Debug|x86.Build.0 = Debug|Win32
		{B084CBFA-9953-4890-AE31-68BFC92FC27D}.Release|x64.ActiveCfg = Release|x64
		{B084CBFA-9953-4890-AE31-68BFC92FC27D}.Release|x64.Build.0 = Release|x64
		{B084CBFA-9953-4890-AE31-68BFC92FC27D}.Release|x86.ActiveCfg = Release|Win32
		{B084CBFA-9953-4890-AE31-68BFC92FC27D}.Release|x86.Build.0 = Release|Win32
		{BCCDAB14-4C53-4E9E-A16D-1F88CEB959EA}.Debug|x64.ActiveCfg = Debug|x64
		{BCCDAB14-4C53-4E9E-A16D-1F88CEB959EA}.Debug|x64.Build.0 = Debug|x64
		{BCCDAB14-4C53-4E9E-A16D-1F88CEB959EA}.Debug|x86.ActiveCfg = Debug|Win32
		{BCCDAB14-4C53-4E9E-A16D-1F88CEB959EA}.Debug|x86.Build.0 = Debug|Win32
		{BCCDAB14-4C53-4E9E-A16D-1F88CEB959EA}.Release|x64.ActiveCfg = Release|x64
		{BCCDAB14-4C53-4E9E-A16D-1F88CEB959EA}.Release|x64.Build.0 = Release|x64
		{BCCDAB14-4C53-4E9E-A16D-1F88CEB959EA}.Release|x86.ActiveCfg = Release|Win32
		{BCCDAB14-4C53-4E9E-A16D-1F88CEB959EA}.Release|x86.Build.0 = Release|Win32
		{9C493310-B618-4EB6-AC1A-AB10AB41B919}.Debug|x64.ActiveCfg = Debug|x64
		{9C493310-B618-4EB6-AC1A-AB10AB41B919}.Debug|x64.Build.0 = Debug|x64
		{9C493310-B618-4EB6-AC1A-AB10AB41B919}.Debug|x86.ActiveCfg = Debug|Win32
		{9C493310-B618-4EB6-AC1A-AB10AB41B919}.Debug|x86.Build.0 = Debug|Win32
		{9C493310-B618-4EB6-AC1A-AB10AB41B919}.Release|x64.ActiveCfg = Release|x64
		{9C493310-B618-4EB6-AC1A-AB10AB41B919}.Release|x64.Build.0 = Release|x64
		{9C493310-B618-4EB6-AC1A-AB10AB41B919}.Release|x86.ActiveCfg = Release|Win32
		{9C493310-B618-4EB6-AC1A-AB10AB41B919}.Release|x86.Build.0 = Release|Win32
		{5950F411-8CA5-4A24-99CC-670729E2B667}.Debug|x64.ActiveCfg = Debug|x64
		{5950F411-8CA5-4A24-99CC-670729E2B667}.Debug|x64.Build.0 = Debug|x64
		{5950F411-8CA5-4A24-99CC-670729E2B667}.Debug|x86.ActiveCfg = Debug|Win32
		{5950F411-8CA5-4A24-99CC-670729E2B667}.Debug|x86.Build.0 = Debug|Win32
		{5950F411-8CA5-4A24-99CC-670729E2B667}.Release|x64.ActiveCfg = Release|x64
		{5950F411-8CA5-4A24-99CC-670729E2B667}.Release|x64.Build.0 = Release|x64
		{5950F411-8CA5-4A24-99CC-670729E2B667}.Release|x86.ActiveCfg = Release|Win32
		{5950F411-8CA5-4A24-99CC-670729E2B667}.Release|x86.Build.0 = Release|Win32
		{3F4C70A6-18A7-4342-B9AD-12B820763273}.Debug|x64.ActiveCfg = Debug|x64
		{3F4C70A6-18A7-4342-B9AD-12B820763273}.Debug|x64.Build.0 = Debug|x64
		{3F4C70A6-18A7-4342-B9AD-12B820763273}.Debug|x86.ActiveCfg = Debug|Win32
		{3F4C70A6-18A7-4342-B9AD-12B820763273}.Debug|x86.Build.0 = Debug|Win32
		{3F4C70A6-18A7-4342-B9AD-12B820763273}.Release|x64.ActiveCfg = Release|x64
		{3F4C70A6-18A7-4342-B9AD-12B820763273}.Release|x64.Build.0 = Release|x64
		{3F4C70A6-18A7-4342-B9AD-12B820763273}.Release|x86.ActiveCfg = Release|Win32
		{3F4C70A6-18A7-4342-B9AD-12B820763273}.Release|x86.Build.0 = Release|Win32
		{3283AFED-270A-4211-BA7D-F2D61C63641D}.Debug|x64.ActiveCfg = Debug|x64
		{3283AFED-270A-4211-BA7D-F2D61C63641D}.Debug|x64.Build.0 = Debug|x64
		{3283AFED-270A-4211-BA7D-F2D61C63641D}.Debug|x86.ActiveCfg = Debug|Win32
		{3283AFED-270A-4211-BA7D-F2D61C63641D}.Debug|x86.Build.0 = Debug|Win32
		{3283AFED-270A-4211-BA7D-F2D61C63641D}.Release|x64.ActiveCfg = Release|x64
		{3283AFED-270A-4211-BA7D-F2D61C63641D}.Release|x64.Build.0 = Release|x64
		{3283AFED-270A-4211-BA7D-F2D61C63641D}.Release|x86.ActiveCfg = Release|Win32
		{3283AFED-270A-4211-BA7D-F2D61C63641D}.Release|x86.Build.0 = Release|Win32
		{CF2F5CC1-4CDE-422D-9F0E-C3ED2DAD10F9}.Debug|x64.ActiveCfg = Debug|x64
		{CF2F5CC1-4CDE-422D-9F0E-C3ED2DAD10F9}.Debug|x64.Build.0 = Debug|x64
		{CF2F5CC1-4CDE-422D-9F0E-C3ED2DAD10F9}.Debug|x86.ActiveCfg = Debug|Win32
		{CF2F5CC1-4CDE-422D-9F0E-C3ED2DAD10F9}.Debug|x86.Build.0 = Debug|Win32
		{CF2F5CC1-4CDE-422D-9F0E-C3ED2DAD10F9}.Release|x64.ActiveCfg = Release|x64
		{CF2F5CC1-4CDE-422D-9F0E-C3ED2DAD10F9}.Release|x64.Build.0 = Release|x64
		{CF2F5CC1-4CDE-422D-9F0E-C3ED2DAD10F9}.Release|x86.ActiveCfg = Release|Win32
		{CF2F5CC1-4CDE-422D-9F0E-C3ED2DAD10F9}.Release|x86.Build.0 = Release|Win32
		{09151357-B2B1-4EEC-BD96-998950150EAA}.Debug|x64.ActiveCfg = Debug|x64
		{09151357-B2B1-4EEC-BD96-998950150EAA}.Debug|x64.Build.0 = Debug|x64
		{09151357-B2B1-4EEC-BD96-998950150EAA}.Debug|x86.ActiveCfg = Debug|Win32
		{09151357-B2B1-4EEC-BD96-998950150EAA}.Debug|x86.Build.0 = Debug|Win32
		{09151357-B2B1-4EEC-BD96-998950150EAA}.Release|x64.ActiveCfg = Release|x64
		{09151357-B2B1-4EEC-BD96-998950150EAA}.Release|x64.Build.0 = Release|x64
		{09151357-B2B1-4EEC-BD96-998950150EAA}.Release|x86.ActiveCfg = Release|Win32
		{09151357-B2B1-4EEC-BD96-998950150EAA}.Release|x86.Build.0 = Release|Win32
		{479938BE-74D2-4270-8CD5-7792577853DD}.Debug|x64.ActiveCfg = Debug|x64
		{479938BE-74D2-4270-8CD5-7792577853DD}.Debug|x64.Build.0 = Debug|x64
		{479938BE-74D2-4270-8CD5-7792577853DD}.Debug|x86.ActiveCfg = Debug|Win32
		{479938BE-74D2-4270-8CD5-7792577853DD}.Debug|x86.Build.0 = Debug|Win32
		{479938BE-74D2-4270-8CD5-7792577853DD}.Release|x64.ActiveCfg = Release|x64
		{479938BE-74D2-4270-8CD5-7792577853DD}.Release|x64.Build.0 = Release|x64
		{479938BE-74D2-4270-8CD5-7792577853DD}.Release|x86.ActiveCfg = Release|Win32
		{479938BE-74D2-4270-8CD5-7792577853DD}.Release|x86.Build.0 = Release|Win32
		{706BB060-7C52-4E10-B532-9C740C63D331}.Debug|x64.ActiveCfg = Debug|x64
		{706BB060-7C52-4E10-B532-9C740C63D331}.Debug|x64.Build.0 = Debug|x64
		{706BB060-7C52-4E10-B532-9C740C63D331}.Debug|x86.ActiveCfg = Debug|Win32
		{706BB060-7C52-4E10-B532-9C740C63D331}.Debug|x86.Build.0 = Debug|Win32
		{706BB060-7C52-4E10-B532-9C740C63D331}.Release|x64.ActiveCfg = Release|x64
		{706BB060-7C52-4E10-B532-9C740C63D331}.Release|x64.Build.0 = Release|x64
		{706BB060-7C52-4E10-B532-9C740C63D331}.Release|x86.ActiveCfg = Release|Win32
		{706BB060-7C52-4E10-B532-9C740C63D331}.Release|x86.Build.0 = Release|Win32
		{D51DAD8A-177B-4D08-8CE1-598D900D2751}.Debug|x64.ActiveCfg = Debug|x64
		{D51DAD8A-177B-4D08-8CE1-598D900D2751}.Debug|x64.Build.0 = Debug|x64
		{D51DAD8A-177B-4D08-8CE1-598D900D2751}.Debug|x86.ActiveCfg = Debug|Win32
		{D51DAD8A-177B-4D08-8CE1-598D900D2751}.Debug|x86.Build.0 = Debug|Win32
		{D51DAD8A-177B-4D08-8CE1-598D900D2751}.Release|x64.ActiveCfg = Release|x64
		{D51DAD8A-177B-4D08-8CE1-598D900D2751}.Release|x64.Build.0 = Release|x64
		{D51DAD8A-177B-4D08-8CE1-598D900D2751}.Release|x86.ActiveCfg = Release|Win32
		{D51DAD8A-177B-4D08-8CE1-598D900D2751}.Release|x86.Build.0 = Release|Win32
		{DE7F54CA-8DA5-40B5-9B69-0355F08EEF9F}.Debug|x64.ActiveCfg = Debug|x64
		{DE7F54CA-8DA5-40B5-9B69-0355F08EEF9F}.Debug|x64.Build.0 = Debug|x64
		{DE7F54CA-8DA5-40B5-9B69-0355F08EEF9F}.Debug|x86.ActiveCfg = Debug|Win32
		{DE7F54CA-8DA5-40B5-9B69-0355F08EEF9F}.Debug|x86.Build.0 = Debug|Win32
		{DE7F54CA-8DA5-40B5-9B69-0355F08EEF9F}.Release|x64.ActiveCfg = Release|x64
		{DE7F54CA-8DA5-40B5-9B69-0355F08EEF9F}.Release|x64.Build.0 = Release|x64
		{DE7F54CA-8DA5-40B5-9B69-0355F08EEF9F}.Release|x86.ActiveCfg = Release|Win32
		{DE7F54CA-8DA5-40B5-9B69-0355F08EEF9F}.Release|x86.Build.0 = Release|Win32
		{884C831E-6D92-4077-9637-EA76CCE6755C}.Debug|x64.ActiveCfg = Debug|x64
		{884C831E-6D92-4077-9637-EA76CCE6755C}.Debug|x64.Build.0 = Debug|x64
		{884C831E-6D92-4077-9637-EA76CCE6755C}.Debug|x86.ActiveCfg = Debug|Win32
		{884C831E-6D92-4077-9637-EA76CCE6755C}.Debug|x86.Build.0 = Debug|Win32
		{884C831E-6D92-4077-9637-EA76CCE6755C}.Release|x64.ActiveCfg = Release|x64
		{884C831E-6D92-4077-9637-EA76CCE6755C}.Release|x64.Build.0 = Release|x64
		{884C831E-6D92-4077-9637-EA76CCE6755C}.Release|x86.ActiveCfg = Release|Win32
		{884C831E-6D92-4077-9637-EA76CCE6755C}.Release|x86.Build.0 = Release|Win32
		{0309062E-332F-44A6-A16A-912700CB8C77}.Debug|x64.ActiveCfg = Debug|x64
		{0309062E-332F-44A6-A16A-912700CB8C77}.Debug|x64.Build.0 = Debug|x64
		{0309062E-332F-44A6-A16A-912700CB8C77}.Debug|x86.ActiveCfg = Debug|Win32
		{0309062E-332F-44A6-A16A-912700CB8C77}.Debug|x86.Build.0 = Debug|Win32
		{0309062E-332F-44A6-A16A-912700CB8C77}.Release|x64.ActiveCfg = Release|x64
		{0309062E-332F-44A6-A16A-912700CB8C77}.Release|x64.Build.0 = Release|x64
		{0309062E-332F-44A6-A16A-912700CB8C77}.Release|x86.ActiveCfg = Release|Win32
		{0309062E-332F-44A6-A16A-912700CB8C77}.Release|x86.Build.0 = Release|Win32
		{1A9841EB-5ADA-435C-A232-36C143D9A839}.Debug|x64.ActiveCfg = Debug|x64
		{1A9841EB-5ADA-435C-A232-36C143D9A839}.Debug|x64.Build.0 = Debug|x64
		{1A9841EB-5ADA-435C-A232-36C143D9A839}.Debug|x86.ActiveCfg = Debug|Win32
		{1A9841EB-5ADA-435C-A232-36C143D9A839}.Debug|x86.Build.0 = Debug|Win32
		{1A9841EB-5ADA-435C-A232-36C143D9A839}.Release|x64.ActiveCfg = Release|x64
		{1A9841EB-5ADA-435C-A232-36C143D9A839}.Release|x64.Build.0 = Release|x64
		{1A9841EB-5ADA-435C-A232-36C143D9A839}.Release|x86.ActiveCfg = Release|Win32
		{1A9841EB-5ADA-435C-A232-36C143D9A839}.Release|x86.Build.0 = Release|Win32
		{0EF2D4A8-D078-4244-9B45-E8B87EA37008}.Debug|x64.ActiveCfg = Debug|x64
		{0EF2D4A8-D078-4244-9B45-E8B87EA37008}.Debug|x64.Build.0 = Debug|x64
		{0EF2D4A8-D078-4244-9B45-E8B87EA37008}.Debug|x86.ActiveCfg = Debug|Win32
		{0EF2D4A8-D078-4244-9B45-E8B87EA37008}.Debug|x86.Build.0 = Debug|Win32
		{0EF2D4A8-D078-4244-9B45-E8B87EA37008}.Release|x64.ActiveCfg = Release|x64
		{0EF2D4A8-D078-4244-9B45-E8B87EA37008}.Release|x64.Build.0 = Release|x64
		{0EF2D4A8-D078-4244-9B45-E8B87EA37008}.Release|x86.ActiveCfg = Release|Win32
		{0EF2D4A8-D078-4244-9B45-E8B87EA37008}.Release|x86.Build.0 = Release|Win32
		{30F2AC3C-0A78-4D9A-932E-E9FEB0D4448B}.Debug|x64.ActiveCfg = Debug|x64
		{30F2AC3C-0A78-4D9A-932E-E9FEB0D4448B}.Debug|x64.Build.0 = Debug|x64
		{30F2AC3C-0A78-4D9A-932E-E9FEB0D4448B}.Debug|x86.ActiveCfg = Debug|Win32
		{30F2AC3C-0A78-4D9A-932E-E9FEB0D4448B}.Debug|x86.Build.0 = Debug|Win32
		{30F2AC3C-0A78-4D9A-932E-E9FEB0D4448B}.Release|x64.ActiveCfg = Release|x64
		{30F2AC3C-0A78-4D9A-932E-E9FEB0D4448B}.Release|x64.Build.0 = Release|x64
		{30F2AC3C-0A78-4D9A-932E-E9FEB0D4448B}.Release|x86.ActiveCfg = Release|Win32
		{30F2AC3C-0A78-4D9A-932E-E9FEB0D4448B}.Release|x86.Build.0 = Release|Win32
		{45FA06E3-A804-47D9-935B-F42062E07355}.Debug|x64.ActiveCfg = Debug|x64
		{45FA06E3-A804-47D9-935B-F42062E07355}.Debug|x64.Build.0 = Debug|x64
		{45FA06E3-A804-47D9-935B-F42062E07355}.Debug|x86.ActiveCfg = Debug|Win32
		{45FA06E3-A804-47D9-935B-F42062E07355}.Debug|x86.Build.0 = Debug|Win32
		{45FA06E3-A804-47D9-935B-F42062E07355}.Release|x64.ActiveCfg = Release|x64
		{45FA06E3-A804-47D9-935B-F42062E07355}.Release|x64.Build.0 = Release|x64
		{45FA06E3-A804-47D9-935B-F42062E07355}.Release|x86.ActiveCfg = Release|Win32
		{45FA06E3-A804-47D9-935B-F42062E07355}.Release|x86.Build.0 = Release|Win32
		{09BAEA5D-30D5-434C-9987-9EA9BDEF1A42}.Debug|x64.ActiveCfg = Debug|x64
		{09BAEA5D-30D5-434C-9987-9EA9BDEF1A42}.Debug|x64.Build.0 = Debug|x64
		{09BAEA5D-30D5-434C-9987-9EA9BDEF1A42}.Debug|x86.ActiveCfg = Debug|Win32
		{09BAEA5D-30D5-434C-9987-9EA9BDEF1A42}.Debug|x86.Build.0 = Debug|Win32
		{09BAEA5D-30D5-434C-9987-9EA9BDEF1A42}.Release|x64.ActiveCfg = Release|x64
		{09BAEA5D-30D5-434C-9987-9EA9BDEF1A42}.Release|x64.Build.0 = Release|x64
		{09BAEA5D-30D5-434C-9987-9EA9BDEF1A42}.Release|x86.ActiveCfg = Release|Win32
		{09BAEA5D-30D5-434C-9987-9EA9BDEF1A42}.Release|x86.Build.0 = Release|Win32
		{C6603168-4C38-4F34-AAE0-A27A59B21346}.Debug|x64.ActiveCfg = Debug|x64
		{C6603168-4C38-4F34-AAE0-A27A59B21346}.Debug|x64.Build.0 = Debug|x64
		{C6603168-4C38-4F34-AAE0-A27A59B21346}.Debug|x86.ActiveCfg = Debug|Win32
		{C6603168-4C38-4F34-AAE0-A27A59B21346}.Debug|x86.Build.0 = Debug|Win32
		{C6603168-4C38-4F34-AAE0-A27A59B21346}.Release|x64.ActiveCfg = Release|x64
		{C6603168-4C38-4F34-AAE0-A27A59B21346}.Release|x64.Build.0 = Release|x64
		{C6603168-4C38-4F34-AAE0-A27A59B21346}.Release|x86.ActiveCfg = Release|Win32
		{C6603168-4C38-4F34-AAE0-A27A59B21346}.Release|x86.Build.0 = Release|Win32
		{7B2AC838-2E42-4FE6-97FB-864AA39F6D9F}.Debug|x64.ActiveCfg = Debug|x64
		{7B2AC838-2E42-4FE6-97FB-864AA39F6D9F}.Debug|x64.Build.0 = Debug|x64
		{7B2AC838-2E42-4FE6-97FB-864AA39F6D9F}.Debug|x86.ActiveCfg = Debug|Win32
		{7B2AC838-2E42-4FE6-97FB-864AA39F6D9F}.Debug|x86.Build.0 = Debug|Win32
		{7B2AC838-2E42-4FE6-97FB-864AA39F6D9F}.Release|x64.ActiveCfg = Release|x64
		{7B2AC838-2E42-4FE6-97FB-864AA39F6D9F}.Release|x64.Build.0 = Release|x64
		{7B2AC838-2E42-4FE6-97FB-864AA39F6D9F}.Release|x86.ActiveCfg = Release|Win32
		{7B2AC838-2E42-4FE6-97FB-864AA39F6D9F}.Release|x86.Build.0 = Release|Win32
		{E22DED96-514B-4A3B-9FF1-FC3D1925CB55}.Debug|x64.ActiveCfg = Debug|x64
		{E22DED96-514B-4A3B-9FF1-FC3D1925CB55}.Debug|x64.Build.0 = Debug|x64
		{E22DED96-514B-4A3B-9FF1-FC3D1925CB55}.Debug|x86.ActiveCfg = Debug|Win32
		{E22DED96-514B-4A3B-9FF1-FC3D1925CB55}.Debug|x86.Build.0 = Debug|Win32
		{E22DED96-514B-4A3B-9FF1-FC3D1925CB55}.Release|x64.ActiveCfg = Release|x64
		{E22DED96-514B-4A3B-9FF1-FC3D1925CB55}.Release|x64.Build.0 = Release|x64
		{E22DED96-514B-4A3B-9FF1-FC3D1925CB55}.Release|x86.ActiveCfg = Release|Win32
		{E22DED96-514B-4A3B-9FF1-FC3D1925CB55}.Release|x86.Build.0 = Release|Win32
		{C042F271-C4DE-4386-9DE6-491B33E7F58B}.Debug|x64.ActiveCfg = Debug|x64
		{C042F271-C4DE-4386-9DE6-491B33E7F58B}.Debug|x64.Build.0 = Debug|x64
		{C042F271-C4DE-4386-9DE6-491B33E7F58B}.Debug|x86.ActiveCfg = Debug|Win32
		{C042F271-C4DE-4386-9DE6-491B33E7F58B}.Debug|x86.Build.0 = Debug|Win32
		{C042F271-C4DE-4386-9DE6-491B33E7F58B}.Release|x64.ActiveCfg = Release|x64
		{C042F271-C4DE-4386-9DE6-491B33E7F58B}.Release|x64.Build.0 = Release|x64
		{C042F271-C4DE-4386-9DE6-491B33E7F58B}.Release|x86.ActiveCfg = Release|Win32
		{C042F271-C4DE-4386-9DE6-491B33E7F58B}.Release|x86.Build.0 = Release|Win32
		{61B9D7A3-E4B6-4D4A-938F-71764CF6E18B}.Debug|x64.ActiveCfg = Debug|x64
		{61B9D7A3-E4B6-4D4A-938F-71764CF6E18B}.Debug|x64.Build.0 = Debug|x64
		{61B9D7A3-E4B6-4D4A-938F-71764CF6E18B}.Debug|x86.ActiveCfg = Debug|Win32
		{61B9D7A3-E4B6-4D4A-938F-71764CF6E18B}.Debug|x86.Build.0 = Debug|Win32
		{61B9D7A3-E4B6-4D4A-938F-71764CF6E18B}.Release|x64.ActiveCfg = Release|x64
		{61B9D7A3-E4B6-4D4A-938F-71764CF6E18B}.Release|x64.Build.0 = Release|x64
		{61B9D7A3-E4B6-4D4A-938F-71764CF6E18B}.Release|x86.ActiveCfg = Release|Win32
		{61B9D7A3-E4B6-4D4A-938F-71764CF6E18B}.Release|x86.Build.0 = Release|Win32
		{4DD4D732-71F1-455D-9D33-9DD61F7F9172}.Debug|x64.ActiveCfg = Debug|x64
		{4DD4D732-71F1-455D-9D33-9DD61F7F9172}.Debug|x64.Build.0 = Debug|x64
		{4DD4D732-71F1-455D-9D33-9DD61F7F9172}.Debug|x86.ActiveCfg = Debug|Win32
		{4DD4D732-71F1-455D-9D33-9DD61F7F9172}.Debug|x86.Build.0 = Debug|Win32
		{4DD4D732-71F1-455D-9D33-9DD61F7F9172}.Release|x64.ActiveCfg = Release|x64
		{4DD4D732-71F1-455D-9D33-9DD61F7F9172}.Release|x64.Build.0 = Release|x64
		{4DD4D732-71F1-455D-9D33-9DD61F7F9172}.Release|x86.ActiveCfg = Release|Win32
		{4DD4D732-71F1-455D-9D33-9DD61F7F9172}.Release|x86.Build.0 = Release|Win32
		{D67B0635-8719-4120-9107-C9B5E735C276}.Debug|x64.ActiveCfg = Debug|x64
		{D67B0635-8719-4120-9107-C9B5E735C276}.Debug|x64.Build.0 = Debug|x64
		{D67B0635-8719-4120-9107-C9B5E735C276}.Debug|x86.ActiveCfg = Debug|Win32
		{D67B0635-8719-4120-9107-C9B5E735C276}.Debug|x86.Build.0 = Debug|Win32
		{D67B0635-8719-4120-9107-C9B5E735C276}.Release|x64.ActiveCfg = Release|x64
		{D67B0635-8719-4120-9107-C9B5E735C276}.Release|x64.Build.0 = Release|x64
		{D67B0635-8719-4120-9107-C9B5E735C276}.Release|x86.ActiveCfg = Release|Win32
		{D67B0635-8719-4120-9107-C9B5E735C276}.Release|x86.Build.0 = Release|Win32
		{F8929A12-19C2-4586-8280-DB412EDF432D}.Debug|x64.ActiveCfg = Debug|x64
		{F8929A12-19C2-4586-8280-DB412EDF432D}.Debug|x64.Build.0 = Debug|x64
		{F8929A12-19C2-4586-8280-DB412EDF432D}.Debug|x86.ActiveCfg = Debug|Win32
		{F8929A12-19C2-4586-8280-DB412EDF432D}.Debug|x86.Build.0 = Debug|Win32
		{F8929A12-19C2-4586-8280-DB412EDF432D}.Release|x64.ActiveCfg = Release|x64
		{F8929A12-19C2-4586-8280-DB412EDF432D}.Release|x64.Build.0 = Release|x64
		{F8929A12-19C2-4586-8280-DB412EDF432D}.Release|x86.ActiveCfg = Release|Win32
		{F8929A12-19C2-4586-8280-DB412EDF432D}.Release|x86.Build.0 = Release|Win32
		{E0765D80-B3B1-4A17-B7CE-4805D74CB088}.Debug|x64.ActiveCfg = Debug|x64
		{E0765D80-B3B1-4A17-B7CE-4805D74CB088}.Debug|x64.Build.0 = Debug|x64
		{E0765D80-B3B1-4A17-B7CE-4805D74CB088}.Debug|x86.ActiveCfg = Debug|Win32
		{E0765D80-B3B1-4A17-B7CE-4805D74CB088}.Debug|x86.Build.0 = Debug|Win32
		{E0765D80-B3B1-4A17-B7CE-4805D74CB088}.Release|x64.ActiveCfg = Release|x64
		{E0765D80-B3B1-4A17-B7CE-4805D74CB088}.Release|x64.Build.0 = Release|x64
		{E0765D80-B3B1-4A17-B7CE-4805D74CB088}.Release|x86.ActiveCfg = Release|Win32
		{E0765D80-B3B1-4A17-B7CE-4805D74CB088}.Release|x86.Build.0 = Release|Win32
		{ADA18C53-86F2-4D50-911F-D17A6161B4E5}.Debug|x64.ActiveCfg = Debug|x64
		{ADA18C53-86F2-4D50-911F-D17A6161B4E5}.Debug|x64.Build.0 = Debug|x64
		{ADA18C53-86F2-4D50-911F-D17A6161B4E5}.Debug|x86.ActiveCfg = Debug|Win32
		{ADA18C53-86F2-4D50-911F-D17A6161B4E5}.Debug|x86.Build.0 = Debug|Win32
		{ADA18C53-86F2-4D50-911F-D17A6161B4E5}.Release|x64.ActiveCfg = Release|x64
		{ADA18C53-86F2-4D50-911F-D17A6161B4E5}.Release|x64.Build.0 = Release|x64
		{ADA18C53-86F2-4D50-911F-D17A6161B4E5}.Release|x86.ActiveCfg = Release|Win32
		{ADA18C53-86F2-4D50-911F-D17A6161B4E5}.Release|x86.Build.0 = Release|Win32
		{EA41E7E2-17B7-401E-95BD-D35A28E58C93}.Debug|x64.ActiveCfg = Debug|x64
		{EA41E7E2-17B7-401E-95BD-D35A28E58C93}.Debug|x64.Build.0 = Debug|x64
		{EA41E7E2-17B7-401E-95BD-D35A28E58C93}.Debug|x86.ActiveCfg = Debug|Win32
		{EA41E7E2-17B7-401E-95BD-D35A28E58C93}.Debug|x86.Build.0 = Debug|Win32
		{EA41E7E2-17B7-401E-95BD-D35A28E58C93}.Release|x64.ActiveCfg = Release|x64
		{EA41E7E2-17B7-401E-95BD-D35A28E58C93}.Release|x64.Build.0 = Release|x64
		{EA41E7E2-17B7-401E-95BD-D35A28E58C93}.Release|x86.ActiveCfg = Release|Win32
		{EA41E7E2-17B7-401E-95BD-D35A28E58C93}.Release|x86.Build.0 = Release|Win32
		{CCF0404F-FAB6-4DE8-A2BA-D86F2F50C006}.Debug|x64.ActiveCfg = Debug|x64
		{CCF0404F-FAB6-4DE8-A2BA-D86F2F50C006}.Debug|x64.Build.0 = Debug|x64
		{CCF0404F-FAB6-4DE8-A2BA-D86F2F50C006}.Debug|x86.ActiveCfg = Debug|Win32
		{CCF0404F-FAB6-4DE8-A2BA-D86F2F50C006}.Debug|x86.Build.0 = Debug|Win32
		{CCF0404F-FAB6-4DE8-A2BA-D86F2F50C006}.Release|x64.ActiveCfg = Release|x64
		{CCF0404F-FAB6-4DE8-A2BA-D86F2F50C006}.Release|x64.Build.0 = Release|x64
		{CCF0404F-FAB6-4DE8-A2BA-D86F2F50C006}.Release|x86.ActiveCfg = Release|Win32
		{CCF0404F-FAB6-4DE8-A2BA-D86F2F50C006}.Release|x86.Build.0 = Release|Win32
	EndGlobalSection
	GlobalSection(SolutionProperties) = preSolution
		HideSolutionNode = FALSE
	EndGlobalSection
EndGlobal
